
Microsoft Visual Studio Solution File, Format Version 12.00
# Visual Studio Version 17
VisualStudioVersion = 17.8.34330.188
MinimumVisualStudioVersion = 10.0.40219.1
Project("{2150E333-8FDC-42A3-9474-1A3956D46DE8}") = "src", "src", "{D375ED1D-B2E5-4267-9ECF-1D89561D368A}"
EndProject
Project("{2150E333-8FDC-42A3-9474-1A3956D46DE8}") = "core", "core", "{BAD7104D-45DF-4D1F-B295-436821837C45}"
EndProject
Project("{9A19103F-16F7-4668-BE54-9A1E7A4F7556}") = "User.Infrstructure", "User.Infrstructure\User.Infrstructure.csproj", "{1DACBA43-9944-4639-8CF1-CC0C0E3244B2}"
EndProject
Project("{9A19103F-16F7-4668-BE54-9A1E7A4F7556}") = "User.Domain", "User.Domain\User.Domain.csproj", "{65686CFF-8C53-4B72-9BE9-778BE3C3C300}"
EndProject
Project("{9A19103F-16F7-4668-BE54-9A1E7A4F7556}") = "User.Application", "User.Application\User.Application.csproj", "{4E6D05B1-4F38-4536-ADC6-9AFA0CD375C4}"
EndProject
Project("{9A19103F-16F7-4668-BE54-9A1E7A4F7556}") = "User.API", "User.API\User.API.csproj", "{A21FB7F5-28E1-4886-B282-074DBC9BF42D}"
EndProject
Project("{2150E333-8FDC-42A3-9474-1A3956D46DE8}") = "formcore", "formcore", "{4A224B84-5745-4122-A1D9-7E32A62F4A9F}"
EndProject
Project("{FAE04EC0-301F-11D3-BF4B-00C04F79EFBC}") = "DirtyForm", "DirtyForm\DirtyForm.csproj", "{AFCAB731-5D33-4111-AEBC-2401E08331E8}"
EndProject
Project("{2150E333-8FDC-42A3-9474-1A3956D46DE8}") = "blazor", "blazor", "{6AEE2DBA-6A45-447B-A412-14B899B9F2D6}"
EndProject
Project("{FAE04EC0-301F-11D3-BF4B-00C04F79EFBC}") = "Blazor.NavigationLocker", "Blazor.NavigationLocker\Blazor.NavigationLocker.csproj", "{64CF6DE4-6FF2-4FD1-9B40-5CDAFC742FEC}"
EndProject
Project("{FAE04EC0-301F-11D3-BF4B-00C04F79EFBC}") = "Blazor.Core", "Blazor.Core\Blazor.Core.csproj", "{4879A4D5-6ED7-415C-AD1D-0B1C87F23B0A}"
EndProject
Project("{FAE04EC0-301F-11D3-BF4B-00C04F79EFBC}") = "Blazor.UI", "Blazor.UI\Blazor.UI.csproj", "{0B3B0CB1-B9E2-4296-AEC4-8D4261DA341A}"
EndProject
Global
	GlobalSection(SolutionConfigurationPlatforms) = preSolution
		Debug|Any CPU = Debug|Any CPU
		Release|Any CPU = Release|Any CPU
	EndGlobalSection
	GlobalSection(ProjectConfigurationPlatforms) = postSolution
		{1DACBA43-9944-4639-8CF1-CC0C0E3244B2}.Debug|Any CPU.ActiveCfg = Debug|Any CPU
		{1DACBA43-9944-4639-8CF1-CC0C0E3244B2}.Debug|Any CPU.Build.0 = Debug|Any CPU
		{1DACBA43-9944-4639-8CF1-CC0C0E3244B2}.Release|Any CPU.ActiveCfg = Release|Any CPU
		{1DACBA43-9944-4639-8CF1-CC0C0E3244B2}.Release|Any CPU.Build.0 = Release|Any CPU
		{65686CFF-8C53-4B72-9BE9-778BE3C3C300}.Debug|Any CPU.ActiveCfg = Debug|Any CPU
		{65686CFF-8C53-4B72-9BE9-778BE3C3C300}.Debug|Any CPU.Build.0 = Debug|Any CPU
		{65686CFF-8C53-4B72-9BE9-778BE3C3C300}.Release|Any CPU.ActiveCfg = Release|Any CPU
		{65686CFF-8C53-4B72-9BE9-778BE3C3C300}.Release|Any CPU.Build.0 = Release|Any CPU
		{4E6D05B1-4F38-4536-ADC6-9AFA0CD375C4}.Debug|Any CPU.ActiveCfg = Debug|Any CPU
		{4E6D05B1-4F38-4536-ADC6-9AFA0CD375C4}.Debug|Any CPU.Build.0 = Debug|Any CPU
		{4E6D05B1-4F38-4536-ADC6-9AFA0CD375C4}.Release|Any CPU.ActiveCfg = Release|Any CPU
		{4E6D05B1-4F38-4536-ADC6-9AFA0CD375C4}.Release|Any CPU.Build.0 = Release|Any CPU
		{A21FB7F5-28E1-4886-B282-074DBC9BF42D}.Debug|Any CPU.ActiveCfg = Debug|Any CPU
		{A21FB7F5-28E1-4886-B282-074DBC9BF42D}.Debug|Any CPU.Build.0 = Debug|Any CPU
		{A21FB7F5-28E1-4886-B282-074DBC9BF42D}.Release|Any CPU.ActiveCfg = Release|Any CPU
		{A21FB7F5-28E1-4886-B282-074DBC9BF42D}.Release|Any CPU.Build.0 = Release|Any CPU
		{AFCAB731-5D33-4111-AEBC-2401E08331E8}.Debug|Any CPU.ActiveCfg = Debug|Any CPU
		{AFCAB731-5D33-4111-AEBC-2401E08331E8}.Debug|Any CPU.Build.0 = Debug|Any CPU
		{AFCAB731-5D33-4111-AEBC-2401E08331E8}.Release|Any CPU.ActiveCfg = Release|Any CPU
		{AFCAB731-5D33-4111-AEBC-2401E08331E8}.Release|Any CPU.Build.0 = Release|Any CPU
		{64CF6DE4-6FF2-4FD1-9B40-5CDAFC742FEC}.Debug|Any CPU.ActiveCfg = Debug|Any CPU
		{64CF6DE4-6FF2-4FD1-9B40-5CDAFC742FEC}.Debug|Any CPU.Build.0 = Debug|Any CPU
		{64CF6DE4-6FF2-4FD1-9B40-5CDAFC742FEC}.Release|Any CPU.ActiveCfg = Release|Any CPU
		{64CF6DE4-6FF2-4FD1-9B40-5CDAFC742FEC}.Release|Any CPU.Build.0 = Release|Any CPU
		{4879A4D5-6ED7-415C-AD1D-0B1C87F23B0A}.Debug|Any CPU.ActiveCfg = Debug|Any CPU
		{4879A4D5-6ED7-415C-AD1D-0B1C87F23B0A}.Debug|Any CPU.Build.0 = Debug|Any CPU
		{4879A4D5-6ED7-415C-AD1D-0B1C87F23B0A}.Release|Any CPU.ActiveCfg = Release|Any CPU
		{4879A4D5-6ED7-415C-AD1D-0B1C87F23B0A}.Release|Any CPU.Build.0 = Release|Any CPU
		{0B3B0CB1-B9E2-4296-AEC4-8D4261DA341A}.Debug|Any CPU.ActiveCfg = Debug|Any CPU
		{0B3B0CB1-B9E2-4296-AEC4-8D4261DA341A}.Debug|Any CPU.Build.0 = Debug|Any CPU
		{0B3B0CB1-B9E2-4296-AEC4-8D4261DA341A}.Release|Any CPU.ActiveCfg = Release|Any CPU
		{0B3B0CB1-B9E2-4296-AEC4-8D4261DA341A}.Release|Any CPU.Build.0 = Release|Any CPU
	EndGlobalSection
	GlobalSection(SolutionProperties) = preSolution
		HideSolutionNode = FALSE
	EndGlobalSection
	GlobalSection(NestedProjects) = preSolution
		{BAD7104D-45DF-4D1F-B295-436821837C45} = {D375ED1D-B2E5-4267-9ECF-1D89561D368A}
		{1DACBA43-9944-4639-8CF1-CC0C0E3244B2} = {BAD7104D-45DF-4D1F-B295-436821837C45}
		{65686CFF-8C53-4B72-9BE9-778BE3C3C300} = {BAD7104D-45DF-4D1F-B295-436821837C45}
		{4E6D05B1-4F38-4536-ADC6-9AFA0CD375C4} = {BAD7104D-45DF-4D1F-B295-436821837C45}
		{A21FB7F5-28E1-4886-B282-074DBC9BF42D} = {BAD7104D-45DF-4D1F-B295-436821837C45}
		{4A224B84-5745-4122-A1D9-7E32A62F4A9F} = {D375ED1D-B2E5-4267-9ECF-1D89561D368A}
		{AFCAB731-5D33-4111-AEBC-2401E08331E8} = {D375ED1D-B2E5-4267-9ECF-1D89561D368A}
		{6AEE2DBA-6A45-447B-A412-14B899B9F2D6} = {D375ED1D-B2E5-4267-9ECF-1D89561D368A}
		{64CF6DE4-6FF2-4FD1-9B40-5CDAFC742FEC} = {6AEE2DBA-6A45-447B-A412-14B899B9F2D6}
		{4879A4D5-6ED7-415C-AD1D-0B1C87F23B0A} = {6AEE2DBA-6A45-447B-A412-14B899B9F2D6}
		{0B3B0CB1-B9E2-4296-AEC4-8D4261DA341A} = {6AEE2DBA-6A45-447B-A412-14B899B9F2D6}
	EndGlobalSection
	GlobalSection(ExtensibilityGlobals) = postSolution
		SolutionGuid = {D85CDBD5-D3D6-452D-A724-AA55226E0632}
	EndGlobalSection
EndGlobal
